github.com/davecgh/go-spew v1.1.1 h1:vj9j/u1bqnvCEfJOwUhtlOARqs3+rkHYY13jYWTU97c=
github.com/davecgh/go-spew v1.1.1/go.mod h1:J7Y8YcW2NihsgmVo/mv3lAwl/skON4iLHjSsI+c5H38=
github.com/diamondburned/gotk4 v0.0.0-20210719035152-01d29f30ef05 h1:BmdhqnSzTTtN5MCuhB0zvk2Dvycv1dZQwzGhxedueaU=
github.com/diamondburned/gotk4 v0.0.0-20210719035152-01d29f30ef05/go.mod h1:WbOkeM91aOubLbxqcbYwd7q/HCKxAmqObvT5Dhpzm1Y=
github.com/diamondburned/gotk4 v0.0.0-20210721091606-f47b5a0ad262 h1:G9vPrGF0Zag0rVJpzMJEPq37NlOx+UdgETRAooNOG64=
github.com/diamondburned/gotk4 v0.0.0-20210721091606-f47b5a0ad262/go.mod h1:WbOkeM91aOubLbxqcbYwd7q/HCKxAmqObvT5Dhpzm1Y=
github.com/diamondburned/gotk4 v0.0.0-20210722010152-8c67802d83e4 h1:lH5x2EoXlRAcmCGrOldAAlffOWFlgEFbyP9iKFpm6B0=
github.com/diamondburned/gotk4 v0.0.0-20210722010152-8c67802d83e4/go.mod h1:WbOkeM91aOubLbxqcbYwd7q/HCKxAmqObvT5Dhpzm1Y=
github.com/diamondburned/gotk4 v0.0.0-20210722011048-1ff339b6e959 h1:nIewHTKWKS0Ryv3ubobAuraIRVRwDmJXw7HE9C8LTsg=
github.com/diamondburned/gotk4 v0.0.0-20210722011048-1ff339b6e959/go.mod h1:WbOkeM91aOubLbxqcbYwd7q/HCKxAmqObvT5Dhpzm1Y=
github.com/diamondburned/gotk4 v0.0.0-20210722040947-7ac4508cf3bf h1:RRYg8fCiRbV9YUxYKYgHvJ+wyTwmDz5PDx58I5nhwKs=
github.com/diamondburned/gotk4 v0.0.0-20210722040947-7ac4508cf3bf/go.mod h1:WbOkeM91aOubLbxqcbYwd7q/HCKxAmqObvT5Dhpzm1Y=
github.com/diamondburned/gotk4 v0.0.0-20210722054242-8e85adc8fbe7 h1:8cB1IXyDRAlNguqUMG+o/2/QvxcEXKZFNofhn+qqmck=
github.com/diamondburned/gotk4 v0.0.0-20210722054242-8e85adc8fbe7/go.mod h1:WbOkeM91aOubLbxqcbYwd7q/HCKxAmqObvT5Dhpzm1Y=
github.com/diamondburned/gotk4 v0.0.0-20210723011607-4ce09199511f h1:RQ7MmSathvUmhnyTV9I0dWmW5qBAUEgl4ijmwCZZmeE=
github.com/diamondburned/gotk4 v0.0.0-20210723011607-4ce09199511f/go.mod h1:WbOkeM91aOubLbxqcbYwd7q/HCKxAmqObvT5Dhpzm1Y=
github.com/diamondburned/gotk4 v0.0.0-20210723022814-bb0e7e341e6b h1:sfZ5j3eAb8ftrYVIVGsXnyA6Wle5ZnnXE2nLAEfPrHw=
github.com/diamondburned/gotk4 v0.0.0-20210723022814-bb0e7e341e6b/go.mod h1:WbOkeM91aOubLbxqcbYwd7q/HCKxAmqObvT5Dhpzm1Y=
github.com/diamondburned/gotk4 v0.0.0-20210726002900-05ded48917dc h1:Nn/vjuMMKXCLhJ+p84whCzoYaLZrhOPQT2ZYZmzDMps=
github.com/diamondburned/gotk4 v0.0.0-20210726002900-05ded48917dc/go.mod h1:WbOkeM91aOubLbxqcbYwd7q/HCKxAmqObvT5Dhpzm1Y=
github.com/diamondburned/gotk4 v0.0.0-20210801225133-84cc834fe3f0 h1:nuAnSodi3YZw4E6/tjwJK4pVYFJDbL1vE/QOnw09A+A=
github.com/diamondburned/gotk4 v0.0.0-20210801225133-84cc834fe3f0/go.mod h1:WbOkeM91aOubLbxqcbYwd7q/HCKxAmqObvT5Dhpzm1Y=
github.com/diamondburned/gotk4 v0.0.0-20210803093138-9fd78aaaf36a h1:FyKUojYITK5vCIhUgUzy/CdnnNX3K2cgk7kHIDastF4=
github.com/diamondburned/gotk4 v0.0.0-20210803093138-9fd78aaaf36a/go.mod h1:WbOkeM91aOubLbxqcbYwd7q/HCKxAmqObvT5Dhpzm1Y=
github.com/diamondburned/gotk4 v0.0.0-20210803171808-ac31dc427606 h1:d1XB6ThPgWvqWwnLEez6rVA1ycKLnZhvNyGcIYzBdz4=
github.com/diamondburned/gotk4 v0.0.0-20210803171808-ac31dc427606/go.mod h1:WbOkeM91aOubLbxqcbYwd7q/HCKxAmqObvT5Dhpzm1Y=
github.com/diamondburned/gotk4 v0.0.0-20210804221044-e78717a2b2b1 h1:yGIMkwxL4dlw/F/M1ybwY9KMIG8lCZK2OvDxqZI4mYE=
github.com/diamondburned/gotk4 v0.0.0-20210804221044-e78717a2b2b1/go.mod h1:WbOkeM91aOubLbxqcbYwd7q/HCKxAmqObvT5Dhpzm1Y=
github.com/diamondburned/gotk4 v0.0.0-20210804221822-b90b865bc4ef h1:4KDVWR7l0+ykMS/H5OZW5CpP2lk9bvJEgi1NmzIOJ+8=
github.com/diamondburned/gotk4 v0.0.0-20210804221822-b90b865bc4ef/go.mod h1:WbOkeM91aOubLbxqcbYwd7q/HCKxAmqObvT5Dhpzm1Y=
github.com/diamondburned/gotk4 v0.0.0-20210808051530-0d8563edd9fc h1:mw4tBivNUDq506vfpGynVDXr7XCnorxBND97mhBAp4s=
github.com/diamondburned/gotk4 v0.0.0-20210808051530-0d8563edd9fc/go.mod h1:WbOkeM91aOubLbxqcbYwd7q/HCKxAmqObvT5Dhpzm1Y=
github.com/diamondburned/gotk4 v0.0.0-20210813051841-4349701ad9c4 h1:b8FPxxRTFpZlUpkCA2SqJ1Av5bT5nZ/o/qR7oq+kcuU=
github.com/diamondburned/gotk4 v0.0.0-20210813051841-4349701ad9c4/go.mod h1:WbOkeM91aOubLbxqcbYwd7q/HCKxAmqObvT5Dhpzm1Y=
github.com/diamondburned/gotk4 v0.0.0-20210813063104-8ed3f9a39d41 h1:/L1LcD00+25/jDq5ethdSbBLgqPjV+0xJ4OD+jYF/l0=
github.com/diamondburned/gotk4 v0.0.0-20210813063104-8ed3f9a39d41/go.mod h1:WbOkeM91aOubLbxqcbYwd7q/HCKxAmqObvT5Dhpzm1Y=
github.com/diamondburned/gotk4 v0.0.0-20210813074859-682b87e45cb6 h1:1IY1Wu9fU4LEhGSUau6mYoFlGPOulM8IlwRcr+I6/KU=
github.com/diamondburned/gotk4 v0.0.0-20210813074859-682b87e45cb6/go.mod h1:WbOkeM91aOubLbxqcbYwd7q/HCKxAmqObvT5Dhpzm1Y=
github.com/diamondburned/gotk4 v0.0.0-20210813205752-5e6959447f1a h1:AY/ufj2ZnaI7mSAZWRquA1YhVz8eupMIb41eV63/TQs=
github.com/diamondburned/gotk4 v0.0.0-20210813205752-5e6959447f1a/go.mod h1:WbOkeM91aOubLbxqcbYwd7q/HCKxAmqObvT5Dhpzm1Y=
github.com/diamondburned/gotk4 v0.0.0-20210814064455-aa7ccd93e62d h1:gpOJkJUaw6aJJlq05KGJ1MtoRf2o2z2oj41/500HK3c=
github.com/diamondburned/gotk4 v0.0.0-20210814064455-aa7ccd93e62d/go.mod h1:WbOkeM91aOubLbxqcbYwd7q/HCKxAmqObvT5Dhpzm1Y=
github.com/diamondburned/gotk4 v0.0.0-20210817015659-c5cf7077b644 h1:INCOUItTRUsKF5G5yOCko+2StiwFZCDg9D5GejCf5UM=
github.com/diamondburned/gotk4 v0.0.0-20210817015659-c5cf7077b644/go.mod h1:WbOkeM91aOubLbxqcbYwd7q/HCKxAmqObvT5Dhpzm1Y=
github.com/diamondburned/gotk4 v0.0.0-20210817222015-c6d0a045e26e h1:ACfOd8S7Z/FJ0MFK5W1RcGoSA+1/zUCjvKPA4cWvN3U=
github.com/diamondburned/gotk4 v0.0.0-20210817222015-c6d0a045e26e/go.mod h1:WbOkeM91aOubLbxqcbYwd7q/HCKxAmqObvT5Dhpzm1Y=
github.com/diamondburned/gotk4 v0.0.0-20210818012446-d1a4715f57d4 h1:wSzD15YibtCsRuIr366kKIme88KOqNuT94Gh0PjdwVg=
github.com/diamondburned/gotk4 v0.0.0-20210818012446-d1a4715f57d4/go.mod h1:WbOkeM91aOubLbxqcbYwd7q/HCKxAmqObvT5Dhpzm1Y=
github.com/diamondburned/gotk4 v0.0.0-20210820075903-8cbc5d9033e7 h1:O3g1vH04aNE8SjuFNYH78m9TXVxrWgb2CMzN2yRg8OQ=
github.com/diamondburned/gotk4 v0.0.0-20210820075903-8cbc5d9033e7/go.mod h1:WbOkeM91aOubLbxqcbYwd7q/HCKxAmqObvT5Dhpzm1Y=
github.com/diamondburned/gotk4 v0.0.0-20210821013848-e07dfa2d23cb h1:+Ke4WfvgkVUneaCg5FldrfL0byi8f9yuFfxT4M1cK88=
github.com/diamondburned/gotk4 v0.0.0-20210821013848-e07dfa2d23cb/go.mod h1:WbOkeM91aOubLbxqcbYwd7q/HCKxAmqObvT5Dhpzm1Y=
github.com/diamondburned/gotk4 v0.0.0-20210824051836-cf3f6994d2e2 h1:gjwyfCcn2OWYrgzWqLQ5IMpW4tTLk+aPURqK9lkLzOk=
github.com/diamondburned/gotk4 v0.0.0-20210824051836-cf3f6994d2e2/go.mod h1:WbOkeM91aOubLbxqcbYwd7q/HCKxAmqObvT5Dhpzm1Y=
github.com/diamondburned/gotk4 v0.0.0-20210831033410-318362ceedaf h1:DsM6l7ehkXDdC5Fht5by8GsKoNgPtXvtsREeN2Qvx1M=
github.com/diamondburned/gotk4 v0.0.0-20210831033410-318362ceedaf/go.mod h1:WbOkeM91aOubLbxqcbYwd7q/HCKxAmqObvT5Dhpzm1Y=
github.com/diamondburned/gotk4 v0.0.0-20210929231714-e119d218d210 h1:cyNupuPci3g6BaOwsVDvDBvnnLk9wkDRlXbrA7u/VPc=
github.com/diamondburned/gotk4 v0.0.0-20210929231714-e119d218d210/go.mod h1:WbOkeM91aOubLbxqcbYwd7q/HCKxAmqObvT5Dhpzm1Y=
github.com/diamondburned/gotk4 v0.0.0-20211001041545-5d7eec322a59 h1:0r2AdA+uWfvHJZkYyU+FiJOJHAZxS2GhJBpGxF1GcZM=
github.com/diamondburned/gotk4 v0.0.0-20211001041545-5d7eec322a59/go.mod h1:WbOkeM91aOubLbxqcbYwd7q/HCKxAmqObvT5Dhpzm1Y=
github.com/diamondburned/gotk4 v0.0.3-0.20211022031617-dd5e83cfdbee h1:YREyWFhkrf5JBIpoAm+uz2mxSMMVNq+Q96WAbQ68ANQ=
github.com/diamondburned/gotk4 v0.0.3-0.20211022031617-dd5e83cfdbee/go.mod h1:WbOkeM91aOubLbxqcbYwd7q/HCKxAmqObvT5Dhpzm1Y=
github.com/fatih/color v1.10.0 h1:s36xzo75JdqLaaWoiEHk767eHiwo0598uUxyfiPkDsg=
github.com/fatih/color v1.10.0/go.mod h1:ELkj/draVOlAH/xkhN6mQ50Qd0MPOk5AAr3maGEBuJM=
github.com/mattn/go-colorable v0.1.8 h1:c1ghPdyEDarC70ftn0y+A/Ee++9zz8ljHG1b13eJ0s8=
github.com/mattn/go-colorable v0.1.8/go.mod h1:u6P/XSegPjTcexA+o6vUJrdnUu04hMope9wVRipJSqc=
github.com/mattn/go-isatty v0.0.12 h1:wuysRhFDzyxgEmMf5xjvJ2M9dZoWAXNNr5LSBS7uHXY=
github.com/mattn/go-isatty v0.0.12/go.mod h1:cbi8OIDigv2wuxKPP5vlRcQ1OAZbq2CE4Kysco4FUpU=
github.com/pkg/errors v0.9.1 h1:FEBLx1zS214owpjy7qsBeixbURkuhQAwrK5UwLGTwt4=
github.com/pkg/errors v0.9.1/go.mod h1:bwawxfHBFNV+L2hUp1rHADufV3IMtnDRdf1r5NINEl0=
golang.org/x/sync v0.0.0-20210220032951-036812b2e83c h1:5KslGYwFpkhGh+Q16bwMP3cOontH8FOep7tGV86Y7SQ=
golang.org/x/sync v0.0.0-20210220032951-036812b2e83c/go.mod h1:RxMgew5VJxzue5/jJTE5uejpjVlOe/izrB70Jof72aM=
golang.org/x/sys v0.0.0-20200116001909-b77594299b42/go.mod h1:h1NjWce9XRLGQEsW7wpKNCjG9DtNlClVuFLEZdDNbEs=
golang.org/x/sys v0.0.0-20200223170610-d5e6a3e2c0ae h1:/WDfKMnPU+m5M4xB+6x4kaepxRw6jWvR5iDRdvjHgy8=
golang.org/x/sys v0.0.0-20200223170610-d5e6a3e2c0ae/go.mod h1:h1NjWce9XRLGQEsW7wpKNCjG9DtNlClVuFLEZdDNbEs=
