github.com/diamondburned/gotk4/pkg v0.0.0-20221218002743-6628c95a768a h1:u0xG33nL6iqhJBZN7pPTPuFLmcDr5IVzG4F8Y5PpjkY=
github.com/diamondburned/gotk4/pkg v0.0.0-20221218002743-6628c95a768a/go.mod h1:DdFIIgGetfZf4ZQJkdQTYNcrIBPO8DEvVNIJgzGjWEE=
github.com/diamondburned/gotk4/pkg v0.0.5-0.20230105054822-f46414fdaa94 h1:9d996ZV4Baq/M+I75K9IEqi9ON+65xPYUFYsPKiQgPg=
github.com/diamondburned/gotk4/pkg v0.0.5-0.20230105054822-f46414fdaa94/go.mod h1:DdFIIgGetfZf4ZQJkdQTYNcrIBPO8DEvVNIJgzGjWEE=
go4.org/unsafe/assume-no-moving-gc v0.0.0-20220617031537-928513b29760 h1:FyBZqvoA/jbNzuAWLQE2kG820zMAkcilx6BMjGbL/E4=
go4.org/unsafe/assume-no-moving-gc v0.0.0-20220617031537-928513b29760/go.mod h1:FftLjUGFEDu5k8lt0ddY+HcrH/qU/0qk+H8j9/nTl3E=
golang.org/x/sync v0.0.0-20210220032951-036812b2e83c h1:5KslGYwFpkhGh+Q16bwMP3cOontH8FOep7tGV86Y7SQ=
golang.org/x/sync v0.0.0-20210220032951-036812b2e83c/go.mod h1:RxMgew5VJxzue5/jJTE5uejpjVlOe/izrB70Jof72aM=
