github.com/diamondburned/gotk3 v0.0.0-20210718041231-5c77b7599f37 h1:XuoV4FECmaU1KLI78MgSFAau76A75mTXhh/jmTv+t8s=
github.com/diamondburned/gotk3 v0.0.0-20210718041231-5c77b7599f37/go.mod h1:/hqFpkNa9T3JgNAE2fLvCdov7c5bw//FHNZrZ3Uv9/Q=
github.com/diamondburned/gotk4/pkg v0.0.0-20210716064220-07ac6b2e1c40 h1:fz2w/GkzwKvUjy3reIyFVA+M6ZPNMTCxcfrrfX7a8PY=
github.com/diamondburned/gotk4/pkg v0.0.0-20210716064220-07ac6b2e1c40/go.mod h1:g3UzDkxWTTcv0McQlKXeBScFhLywsH+GgwJSL7iQqk0=
github.com/diamondburned/gotk4/pkg v0.0.0-20210719000705-8769fdd215fb h1:c81p/oobrKwbNYn9jeZzk0rw0DRWfdVoMPHLbu0Dw84=
github.com/diamondburned/gotk4/pkg v0.0.0-20210719000705-8769fdd215fb/go.mod h1:p2y8HpUajgABqgZtyEXVKBmmV+pHqLnl/8DY3VN3+Vg=
github.com/diamondburned/gotk4/pkg v0.0.0-20210721091606-f47b5a0ad262 h1:0zEHE2QtPummmUkz5zVs6+fJ+LmXg2gXHVaFyo+SM60=
github.com/diamondburned/gotk4/pkg v0.0.0-20210721091606-f47b5a0ad262/go.mod h1:g3UzDkxWTTcv0McQlKXeBScFhLywsH+GgwJSL7iQqk0=
github.com/diamondburned/gotk4/pkg v0.0.0-20210722054242-8e85adc8fbe7 h1:9pOMmSlHvLUzN5Msp4aMzi8GEH2bkQ7xl7+lz7HyGPw=
github.com/diamondburned/gotk4/pkg v0.0.0-20210722054242-8e85adc8fbe7/go.mod h1:g3UzDkxWTTcv0McQlKXeBScFhLywsH+GgwJSL7iQqk0=
github.com/diamondburned/gotk4/pkg v0.0.0-20210723011607-4ce09199511f h1:I5b6YRWKXf4XY7cRIBxn6IialR33Yx7YfpbqU9yawTE=
github.com/diamondburned/gotk4/pkg v0.0.0-20210723011607-4ce09199511f/go.mod h1:g3UzDkxWTTcv0McQlKXeBScFhLywsH+GgwJSL7iQqk0=
github.com/diamondburned/gotk4/pkg v0.0.0-20210723022814-bb0e7e341e6b h1:8MtQfRoLZoyPaSm9wNcPPsYavI0eOkd/9q3HO+OWXqA=
github.com/diamondburned/gotk4/pkg v0.0.0-20210723022814-bb0e7e341e6b/go.mod h1:g3UzDkxWTTcv0McQlKXeBScFhLywsH+GgwJSL7iQqk0=
github.com/diamondburned/gotk4/pkg v0.0.0-20210726002900-05ded48917dc h1:A5PRIUIHOQ+r+oK+6iQ9Yqq4bitkDy5Z33W3IfVJpY0=
github.com/diamondburned/gotk4/pkg v0.0.0-20210726002900-05ded48917dc/go.mod h1:g3UzDkxWTTcv0McQlKXeBScFhLywsH+GgwJSL7iQqk0=
github.com/diamondburned/gotk4/pkg v0.0.0-20210801225133-84cc834fe3f0 h1:KCZYv5uoO5P6jtBnKo+6RAMotc88O+Hl0GOtTXmbkhY=
github.com/diamondburned/gotk4/pkg v0.0.0-20210801225133-84cc834fe3f0/go.mod h1:g3UzDkxWTTcv0McQlKXeBScFhLywsH+GgwJSL7iQqk0=
github.com/diamondburned/gotk4/pkg v0.0.0-20210803093138-9fd78aaaf36a h1:TDywQ1Wn84Vcis85V4j8Dta2IS2HUER/HbwUTjhUcJo=
github.com/diamondburned/gotk4/pkg v0.0.0-20210803093138-9fd78aaaf36a/go.mod h1:g3UzDkxWTTcv0McQlKXeBScFhLywsH+GgwJSL7iQqk0=
github.com/diamondburned/gotk4/pkg v0.0.0-20210803171808-ac31dc427606 h1:MdgTMHia5VPbNFJSHKW0ovlSArYPDabML1Erfse7HlQ=
github.com/diamondburned/gotk4/pkg v0.0.0-20210803171808-ac31dc427606/go.mod h1:g3UzDkxWTTcv0McQlKXeBScFhLywsH+GgwJSL7iQqk0=
github.com/diamondburned/gotk4/pkg v0.0.0-20210804221044-e78717a2b2b1 h1:rK7VZBltf6D8Lhze0lUxRdlIfW5netOxrvpsvHc/Uzg=
github.com/diamondburned/gotk4/pkg v0.0.0-20210804221044-e78717a2b2b1/go.mod h1:dJ2gfR0gvBsGg4IteP8aMBq/U5Q9boDw0DP7kAjXTwM=
github.com/diamondburned/gotk4/pkg v0.0.0-20210804221822-b90b865bc4ef h1:0vO+W1g3Ni9Vybn4jAQId3brtQwpUdXVJghcHBEGMiU=
github.com/diamondburned/gotk4/pkg v0.0.0-20210804221822-b90b865bc4ef/go.mod h1:dJ2gfR0gvBsGg4IteP8aMBq/U5Q9boDw0DP7kAjXTwM=
github.com/diamondburned/gotk4/pkg v0.0.0-20210808051530-0d8563edd9fc h1:OCDObHf8z+2GUuhSIUGK7GvaqCwCCcoBonhLeQW86kc=
github.com/diamondburned/gotk4/pkg v0.0.0-20210808051530-0d8563edd9fc/go.mod h1:dJ2gfR0gvBsGg4IteP8aMBq/U5Q9boDw0DP7kAjXTwM=
github.com/diamondburned/gotk4/pkg v0.0.0-20210813051841-4349701ad9c4 h1:FhYeryEZmjsZwMRsQXB/uqMwW2uM8msIJ0FBV29IC64=
github.com/diamondburned/gotk4/pkg v0.0.0-20210813051841-4349701ad9c4/go.mod h1:dJ2gfR0gvBsGg4IteP8aMBq/U5Q9boDw0DP7kAjXTwM=
github.com/diamondburned/gotk4/pkg v0.0.0-20210813063104-8ed3f9a39d41 h1:uL4qIKkPqXUMCjQBmYc09W7zmnDu97sp4Bxd0CH/6us=
github.com/diamondburned/gotk4/pkg v0.0.0-20210813063104-8ed3f9a39d41/go.mod h1:dJ2gfR0gvBsGg4IteP8aMBq/U5Q9boDw0DP7kAjXTwM=
github.com/diamondburned/gotk4/pkg v0.0.0-20210813074859-682b87e45cb6 h1:e8+vgTsZORnmVDmfssdbyJlgZ3Xvj+VkvAr8QFvG5IQ=
github.com/diamondburned/gotk4/pkg v0.0.0-20210813074859-682b87e45cb6/go.mod h1:dJ2gfR0gvBsGg4IteP8aMBq/U5Q9boDw0DP7kAjXTwM=
github.com/diamondburned/gotk4/pkg v0.0.0-20210813205752-5e6959447f1a h1:2+DdeNf4TTegiQXsNKgeZbBsqUdxaraWAykea7k7IhM=
github.com/diamondburned/gotk4/pkg v0.0.0-20210813205752-5e6959447f1a/go.mod h1:dJ2gfR0gvBsGg4IteP8aMBq/U5Q9boDw0DP7kAjXTwM=
github.com/diamondburned/gotk4/pkg v0.0.0-20210814064455-aa7ccd93e62d h1:jvIrMi0EjWjgl5jMi3iiqCnrqowbgEvrgbPktEQV4cg=
github.com/diamondburned/gotk4/pkg v0.0.0-20210814064455-aa7ccd93e62d/go.mod h1:dJ2gfR0gvBsGg4IteP8aMBq/U5Q9boDw0DP7kAjXTwM=
github.com/diamondburned/gotk4/pkg v0.0.0-20210817015659-c5cf7077b644 h1:PObQUESLzkMPSXV9dvFIRhjEqMSu+PrPyiyuIn7dpD4=
github.com/diamondburned/gotk4/pkg v0.0.0-20210817015659-c5cf7077b644/go.mod h1:dJ2gfR0gvBsGg4IteP8aMBq/U5Q9boDw0DP7kAjXTwM=
github.com/diamondburned/gotk4/pkg v0.0.0-20210817222015-c6d0a045e26e h1:tk3oZaOLYWDqLD7PctpMfySi+sCKZ4S2I66F2gejgrM=
github.com/diamondburned/gotk4/pkg v0.0.0-20210817222015-c6d0a045e26e/go.mod h1:dJ2gfR0gvBsGg4IteP8aMBq/U5Q9boDw0DP7kAjXTwM=
github.com/diamondburned/gotk4/pkg v0.0.0-20210818012446-d1a4715f57d4 h1:dOx1Cy2XFf40MeHJ5oug04hEK611R4OwpOJUeWNz6eA=
github.com/diamondburned/gotk4/pkg v0.0.0-20210818012446-d1a4715f57d4/go.mod h1:dJ2gfR0gvBsGg4IteP8aMBq/U5Q9boDw0DP7kAjXTwM=
github.com/diamondburned/gotk4/pkg v0.0.0-20210820075903-8cbc5d9033e7 h1:d/gCMdrE7+H3yfMXtcrzqHE6rg5ADkkJZ6TP/WW5zqE=
github.com/diamondburned/gotk4/pkg v0.0.0-20210820075903-8cbc5d9033e7/go.mod h1:dJ2gfR0gvBsGg4IteP8aMBq/U5Q9boDw0DP7kAjXTwM=
github.com/gotk3/gotk3 v0.5.3-0.20210514043925-3f44af595c5e h1:+gTJ76gEbkR47suP+ANvcLl/whUwJWbDP5XvPkI3B0E=
github.com/gotk3/gotk3 v0.5.3-0.20210514043925-3f44af595c5e/go.mod h1:/hqFpkNa9T3JgNAE2fLvCdov7c5bw//FHNZrZ3Uv9/Q=
github.com/gotk3/gotk3 v0.6.2-0.20210715143523-dfa2afe348c5 h1:uHuevPQ/TJexoi48waAEOI1MHbY8fmS0KAI2UC9JhWE=
github.com/gotk3/gotk3 v0.6.2-0.20210715143523-dfa2afe348c5/go.mod h1:/hqFpkNa9T3JgNAE2fLvCdov7c5bw//FHNZrZ3Uv9/Q=
golang.org/x/sync v0.0.0-20210220032951-036812b2e83c h1:5KslGYwFpkhGh+Q16bwMP3cOontH8FOep7tGV86Y7SQ=
golang.org/x/sync v0.0.0-20210220032951-036812b2e83c/go.mod h1:RxMgew5VJxzue5/jJTE5uejpjVlOe/izrB70Jof72aM=
